
Microsoft Visual Studio Solution File, Format Version 12.00
# Visual Studio Version 17
VisualStudioVersion = 17.0.31903.59
MinimumVisualStudioVersion = 10.0.40219.1
Project("{9A19103F-16F7-4668-BE54-9A1E7A4F7556}") = "Universum", "Universum\Universum.csproj", "{D4D207E6-7745-4277-90CC-6FB5C14B7A7E}"
EndProject
Project("{9A19103F-16F7-4668-BE54-9A1E7A4F7556}") = "Universum.Tests", "Universum.Tests\Universum.Tests.csproj", "{39FE9C2B-1BAA-4A5A-B344-75C2C0264878}"
EndProject
Project("{FAE04EC0-301F-11D3-BF4B-00C04F79EFBC}") = "UniversumUi", "UniversumUi\UniversumUi.csproj", "{9BFA92D8-390F-43F4-99E4-66206701C9FA}"
EndProject
Global
	GlobalSection(SolutionConfigurationPlatforms) = preSolution
		Debug|Any CPU = Debug|Any CPU
		Release|Any CPU = Release|Any CPU
	EndGlobalSection
	GlobalSection(ProjectConfigurationPlatforms) = postSolution
		{D4D207E6-7745-4277-90CC-6FB5C14B7A7E}.Debug|Any CPU.ActiveCfg = Debug|Any CPU
		{D4D207E6-7745-4277-90CC-6FB5C14B7A7E}.Debug|Any CPU.Build.0 = Debug|Any CPU
		{D4D207E6-7745-4277-90CC-6FB5C14B7A7E}.Release|Any CPU.ActiveCfg = Release|Any CPU
		{D4D207E6-7745-4277-90CC-6FB5C14B7A7E}.Release|Any CPU.Build.0 = Release|Any CPU
		{39FE9C2B-1BAA-4A5A-B344-75C2C0264878}.Debug|Any CPU.ActiveCfg = Debug|Any CPU
		{39FE9C2B-1BAA-4A5A-B344-75C2C0264878}.Debug|Any CPU.Build.0 = Debug|Any CPU
		{39FE9C2B-1BAA-4A5A-B344-75C2C0264878}.Release|Any CPU.ActiveCfg = Release|Any CPU
		{39FE9C2B-1BAA-4A5A-B344-75C2C0264878}.Release|Any CPU.Build.0 = Release|Any CPU
		{9BFA92D8-390F-43F4-99E4-66206701C9FA}.Debug|Any CPU.ActiveCfg = Debug|Any CPU
		{9BFA92D8-390F-43F4-99E4-66206701C9FA}.Debug|Any CPU.Build.0 = Debug|Any CPU
		{9BFA92D8-390F-43F4-99E4-66206701C9FA}.Release|Any CPU.ActiveCfg = Release|Any CPU
		{9BFA92D8-390F-43F4-99E4-66206701C9FA}.Release|Any CPU.Build.0 = Release|Any CPU
	EndGlobalSection
	GlobalSection(SolutionProperties) = preSolution
		HideSolutionNode = FALSE
	EndGlobalSection
	GlobalSection(ExtensibilityGlobals) = postSolution
		SolutionGuid = {4EDD00DF-D838-41F9-B94B-3CCC21F0D3CF}
	EndGlobalSection
EndGlobal
